
Microsoft Visual Studio Solution File, Format Version 12.00
Project("{FAE04EC0-301F-11D3-BF4B-00C04F79EFBC}") = "UlurumApi", "src\UlurumApi\UlurumApi.csproj", "{AAD47F9B-530C-4723-8D0E-4DD67A23A7E9}"
EndProject
Project("{FAE04EC0-301F-11D3-BF4B-00C04F79EFBC}") = "UlurumTest", "tests\UlurumTest\UlurumTest.csproj", "{2A872DFD-C4DF-4436-96C4-BA266A4B68DE}"
EndProject
Global
	GlobalSection(SolutionConfigurationPlatforms) = preSolution
		Debug|Any CPU = Debug|Any CPU
		Release|Any CPU = Release|Any CPU
	EndGlobalSection
	GlobalSection(ProjectConfigurationPlatforms) = postSolution
		{AAD47F9B-530C-4723-8D0E-4DD67A23A7E9}.Debug|Any CPU.ActiveCfg = Debug|Any CPU
		{AAD47F9B-530C-4723-8D0E-4DD67A23A7E9}.Debug|Any CPU.Build.0 = Debug|Any CPU
		{AAD47F9B-530C-4723-8D0E-4DD67A23A7E9}.Release|Any CPU.ActiveCfg = Release|Any CPU
		{AAD47F9B-530C-4723-8D0E-4DD67A23A7E9}.Release|Any CPU.Build.0 = Release|Any CPU
		{2A872DFD-C4DF-4436-96C4-BA266A4B68DE}.Debug|Any CPU.ActiveCfg = Debug|Any CPU
		{2A872DFD-C4DF-4436-96C4-BA266A4B68DE}.Debug|Any CPU.Build.0 = Debug|Any CPU
		{2A872DFD-C4DF-4436-96C4-BA266A4B68DE}.Release|Any CPU.ActiveCfg = Release|Any CPU
		{2A872DFD-C4DF-4436-96C4-BA266A4B68DE}.Release|Any CPU.Build.0 = Release|Any CPU
	EndGlobalSection
EndGlobal
